<?xml version="1.0" encoding="utf-8"?>
<Project ToolsVersion="4.0" xmlns="http://schemas.microsoft.com/developer/msbuild/2003">
  <ItemGroup>
    <Filter Include="Pliki źródłowe">
      <UniqueIdentifier>{4FC737F1-C7A5-4376-A066-2A32D752A2FF}</UniqueIdentifier>
      <Extensions>cpp;c;cc;cxx;c++;cppm;ixx;def;odl;idl;hpj;bat;asm;asmx</Extensions>
    </Filter>
    <Filter Include="Pliki nagłówkowe">
      <UniqueIdentifier>{93995380-89BD-4b04-88EB-625FBE52EBFB}</UniqueIdentifier>
      <Extensions>h;hh;hpp;hxx;h++;hm;inl;inc;ipp;xsd</Extensions>
    </Filter>
    <Filter Include="Pliki zasobów">
      <UniqueIdentifier>{67DA6AB6-F800-4c08-8B7A-83BB121AAD01}</UniqueIdentifier>
      <Extensions>rc;ico;cur;bmp;dlg;rc2;rct;bin;rgs;gif;jpg;jpeg;jpe;resx;tiff;tif;png;wav;mfcribbon-ms</Extensions>
    </Filter>
    <Filter Include="Pliki źródłowe\PredefinedWindows">
      <UniqueIdentifier>{079516b1-59a2-415b-954d-92f89debdd66}</UniqueIdentifier>
    </Filter>
    <Filter Include="Pliki źródłowe\ShapeDrawers">
      <UniqueIdentifier>{2da0ed27-99f1-44fc-a1aa-a7d59c62a35b}</UniqueIdentifier>
    </Filter>
    <Filter Include="Pliki źródłowe\utils">
      <UniqueIdentifier>{66449c68-ae64-42c8-80a7-8dc8d94c865f}</UniqueIdentifier>
    </Filter>
  </ItemGroup>
  <ItemGroup>
    <ClCompile Include="glad.c">
      <Filter>Pliki źródłowe</Filter>
    </ClCompile>
    <ClCompile Include="Runner.cpp">
      <Filter>Pliki źródłowe</Filter>
    </ClCompile>
    <ClCompile Include="src\PredefinedWindows\HelloWindow.cpp">
      <Filter>Pliki źródłowe\PredefinedWindows</Filter>
    </ClCompile>
    <ClCompile Include="src\ShapeDrawers\ShaderDrawer.cpp">
      <Filter>Pliki źródłowe\ShapeDrawers</Filter>
    </ClCompile>
    <ClCompile Include="src\utils\simples.cpp">
      <Filter>Pliki źródłowe\utils</Filter>
    </ClCompile>
    <ClCompile Include="src\ShapeDrawers\TrianglesShaderDrawer.cpp">
      <Filter>Pliki źródłowe\ShapeDrawers</Filter>
    </ClCompile>
  </ItemGroup>
  <ItemGroup>
    <ClInclude Include="src\PredefinedWindows\HelloWindow.h">
      <Filter>Pliki źródłowe\PredefinedWindows</Filter>
    </ClInclude>
    <ClInclude Include="src\ShapeDrawers\ShaderDrawer.h">
      <Filter>Pliki źródłowe\ShapeDrawers</Filter>
    </ClInclude>
    <ClInclude Include="src\ShapeDrawers\TrianglesShaderDrawer.h">
      <Filter>Pliki źródłowe\ShapeDrawers</Filter>
    </ClInclude>
  </ItemGroup>
</Project>